<?xml version="1.0" encoding="utf-8"?>
<Project ToolsVersion="4.0" xmlns="http://schemas.microsoft.com/developer/msbuild/2003">
  <ItemGroup>
    <Filter Include="Source Files">
      <UniqueIdentifier>{4FC737F1-C7A5-4376-A066-2A32D752A2FF}</UniqueIdentifier>
      <Extensions>cpp;c;cc;cxx;def;odl;idl;hpj;bat;asm;asmx</Extensions>
    </Filter>
    <Filter Include="Header Files">
      <UniqueIdentifier>{93995380-89BD-4b04-88EB-625FBE52EBFB}</UniqueIdentifier>
      <Extensions>h;hh;hpp;hxx;hm;inl;inc;xsd</Extensions>
    </Filter>
    <Filter Include="Resource Files">
      <UniqueIdentifier>{67DA6AB6-F800-4c08-8B7A-83BB121AAD01}</UniqueIdentifier>
      <Extensions>rc;ico;cur;bmp;dlg;rc2;rct;bin;rgs;gif;jpg;jpeg;jpe;resx;tiff;tif;png;wav;mfcribbon-ms</Extensions>
    </Filter>
    <Filter Include="Header Files\Tools">
      <UniqueIdentifier>{849966e0-5dc0-46d4-b6fd-b45c5e42e02b}</UniqueIdentifier>
    </Filter>
    <Filter Include="Source Files\Test">
      <UniqueIdentifier>{8ceecc85-d2de-46d1-bc84-554251655124}</UniqueIdentifier>
    </Filter>
  </ItemGroup>
  <ItemGroup>
    <ClCompile Include="relation_dim.cpp">
      <Filter>Source Files</Filter>
    </ClCompile>
    <ClCompile Include="double_CPU.cpp">
      <Filter>Source Files</Filter>
    </ClCompile>
    <ClCompile Include="texi_or_walk.cpp">
      <Filter>Source Files</Filter>
    </ClCompile>
    <ClCompile Include="adjustment_queue.cpp">
      <Filter>Source Files</Filter>
    </ClCompile>
    <ClCompile Include="remove_duplicate.cpp">
      <Filter>Source Files</Filter>
    </ClCompile>
    <ClCompile Include="binary_tree_common_parent.cpp">
      <Filter>Source Files</Filter>
    </ClCompile>
    <ClCompile Include="inversion_number.cpp">
      <Filter>Source Files</Filter>
    </ClCompile>
    <ClCompile Include="ugly_number.cpp">
      <Filter>Source Files</Filter>
    </ClCompile>
    <ClCompile Include="continuous_positive_sum.cpp">
      <Filter>Source Files</Filter>
    </ClCompile>
    <ClCompile Include="investor.cpp">
      <Filter>Source Files</Filter>
    </ClCompile>
    <ClCompile Include="dot_asterisk_pattern.cpp">
      <Filter>Source Files</Filter>
    </ClCompile>
    <ClCompile Include="first_single_letter.cpp">
      <Filter>Source Files</Filter>
    </ClCompile>
    <ClCompile Include="Gcd.h">
      <Filter>Header Files</Filter>
    </ClCompile>
    <ClCompile Include="RBT.h">
      <Filter>Header Files</Filter>
    </ClCompile>
    <ClCompile Include="simple_tcp_server.cpp">
      <Filter>Source Files</Filter>
    </ClCompile>
    <ClCompile Include="mini_trojan.cpp">
      <Filter>Source Files</Filter>
    </ClCompile>
    <ClCompile Include="auto_install_trojan.cpp">
      <Filter>Source Files</Filter>
    </ClCompile>
    <ClCompile Include="registry_operator.cpp">
      <Filter>Source Files</Filter>
    </ClCompile>
    <ClCompile Include="svchost_trojan.cpp">
      <Filter>Source Files</Filter>
    </ClCompile>
    <ClCompile Include="inject.cpp">
      <Filter>Source Files</Filter>
    </ClCompile>
    <ClCompile Include="keyboard_hook.cpp">
      <Filter>Source Files</Filter>
    </ClCompile>
    <ClCompile Include="downloader.cpp">
      <Filter>Source Files</Filter>
    </ClCompile>
    <ClCompile Include="shutdown.cpp">
      <Filter>Source Files</Filter>
    </ClCompile>
    <ClCompile Include="test1.cpp">
      <Filter>Source Files</Filter>
    </ClCompile>
    <ClCompile Include="control_cpu.cpp">
      <Filter>Source Files</Filter>
    </ClCompile>
    <ClCompile Include="humdrum_queue.cpp">
      <Filter>Source Files</Filter>
    </ClCompile>
    <ClCompile Include="package.cpp">
      <Filter>Source Files</Filter>
    </ClCompile>
    <ClCompile Include="double_binary.cpp">
      <Filter>Source Files</Filter>
    </ClCompile>
    <ClCompile Include="TestAny.cpp">
      <Filter>Source Files\Test</Filter>
    </ClCompile>
    <ClCompile Include="test_kd.cpp">
      <Filter>Source Files\Test</Filter>
    </ClCompile>
    <ClCompile Include="TestAOP.cpp">
      <Filter>Source Files\Test</Filter>
    </ClCompile>
    <ClCompile Include="testDll.cpp">
      <Filter>Source Files\Test</Filter>
    </ClCompile>
    <ClCompile Include="TestEvents.cpp">
      <Filter>Source Files\Test</Filter>
    </ClCompile>
    <ClCompile Include="TestIoC.cpp">
      <Filter>Source Files\Test</Filter>
    </ClCompile>
    <ClCompile Include="TestThreadPool.cpp">
      <Filter>Source Files\Test</Filter>
    </ClCompile>
    <ClCompile Include="TestVisitor.cpp">
      <Filter>Source Files\Test</Filter>
    </ClCompile>
  </ItemGroup>
  <ItemGroup>
    <ClInclude Include="timing.h">
      <Filter>Header Files</Filter>
    </ClInclude>
    <ClInclude Include="Dictionary.h">
      <Filter>Header Files</Filter>
    </ClInclude>
    <ClInclude Include="Heap.h">
      <Filter>Header Files</Filter>
    </ClInclude>
    <ClInclude Include="Fibonacci.h">
      <Filter>Header Files</Filter>
    </ClInclude>
    <ClInclude Include="Matrix.h">
      <Filter>Header Files</Filter>
    </ClInclude>
    <ClInclude Include="StringMatcher.h">
      <Filter>Header Files</Filter>
    </ClInclude>
    <ClInclude Include="FloodAttack.h">
      <Filter>Header Files</Filter>
    </ClInclude>
    <ClInclude Include="Ones_in_Binary.h">
      <Filter>Header Files</Filter>
    </ClInclude>
    <ClInclude Include="TestString.h">
      <Filter>Header Files</Filter>
    </ClInclude>
    <ClInclude Include="KDTree.h">
      <Filter>Header Files</Filter>
    </ClInclude>
    <ClInclude Include="SyncQueue.hpp">
      <Filter>Header Files\Tools</Filter>
    </ClInclude>
    <ClInclude Include="Range.hpp">
      <Filter>Header Files\Tools</Filter>
    </ClInclude>
    <ClInclude Include="ThreadPool.hpp">
      <Filter>Header Files\Tools</Filter>
    </ClInclude>
    <ClInclude Include="AOP.hpp">
      <Filter>Header Files\Tools</Filter>
    </ClInclude>
    <ClInclude Include="Timer.hpp">
      <Filter>Header Files\Tools</Filter>
    </ClInclude>
    <ClInclude Include="Any.hpp">
      <Filter>Header Files\Tools</Filter>
    </ClInclude>
    <ClInclude Include="Singleton.hpp">
      <Filter>Header Files\Tools</Filter>
    </ClInclude>
    <ClInclude Include="NonCopyable.hpp">
      <Filter>Header Files\Tools</Filter>
    </ClInclude>
    <ClInclude Include="IoCContainer.hpp">
      <Filter>Header Files\Tools</Filter>
    </ClInclude>
    <ClInclude Include="Events.hpp">
      <Filter>Header Files\Tools</Filter>
    </ClInclude>
    <ClInclude Include="Visitor.hpp">
      <Filter>Header Files\Tools</Filter>
    </ClInclude>
    <ClInclude Include="Wrap.hpp">
      <Filter>Header Files\Tools</Filter>
    </ClInclude>
    <ClInclude Include="CommonCommand.hpp">
      <Filter>Header Files\Tools</Filter>
    </ClInclude>
    <ClInclude Include="ObjectPool.hpp">
      <Filter>Header Files\Tools</Filter>
    </ClInclude>
    <ClInclude Include="function_traits.hpp">
      <Filter>Header Files\Tools</Filter>
    </ClInclude>
    <ClInclude Include="MessageBus.hpp">
      <Filter>Header Files\Tools</Filter>
    </ClInclude>
  </ItemGroup>
</Project>